
Microsoft Visual Studio Solution File, Format Version 12.00
# Visual Studio Version 17
VisualStudioVersion = 17.9.34622.214
MinimumVisualStudioVersion = 10.0.40219.1
Project("{FAE04EC0-301F-11D3-BF4B-00C04F79EFBC}") = "backend", "backend.csproj", "{D1CA0B1C-AB46-4220-B30E-81886FF6AB9A}"
EndProject
Global
	GlobalSection(SolutionConfigurationPlatforms) = preSolution
		Debug|Any CPU = Debug|Any CPU
		Release|Any CPU = Release|Any CPU
	EndGlobalSection
	GlobalSection(ProjectConfigurationPlatforms) = postSolution
		{D1CA0B1C-AB46-4220-B30E-81886FF6AB9A}.Debug|Any CPU.ActiveCfg = Debug|Any CPU
		{D1CA0B1C-AB46-4220-B30E-81886FF6AB9A}.Debug|Any CPU.Build.0 = Debug|Any CPU
		{D1CA0B1C-AB46-4220-B30E-81886FF6AB9A}.Release|Any CPU.ActiveCfg = Release|Any CPU
		{D1CA0B1C-AB46-4220-B30E-81886FF6AB9A}.Release|Any CPU.Build.0 = Release|Any CPU
	EndGlobalSection
	GlobalSection(SolutionProperties) = preSolution
		HideSolutionNode = FALSE
	EndGlobalSection
	GlobalSection(ExtensibilityGlobals) = postSolution
		SolutionGuid = {C57119E6-7817-4A20-BAF0-08EA75905B7D}
	EndGlobalSection
EndGlobal
